// !$*UTF8*$!
{
	archiveVersion = 1;
	classes = {
	};
	objectVersion = 46;
	objects = {

/* Begin PBXBuildFile section */
		F278B71519351EA600412628 /* MTBubbleView.m in Sources */ = {isa = PBXBuildFile; fileRef = F278B71419351EA600412628 /* MTBubbleView.m */; };
		F2B3EF9E193193E2005981E0 /* Foundation.framework in Frameworks */ = {isa = PBXBuildFile; fileRef = F2B3EF9D193193E2005981E0 /* Foundation.framework */; };
		F2B3EFA0193193E2005981E0 /* CoreGraphics.framework in Frameworks */ = {isa = PBXBuildFile; fileRef = F2B3EF9F193193E2005981E0 /* CoreGraphics.framework */; };
		F2B3EFA2193193E2005981E0 /* UIKit.framework in Frameworks */ = {isa = PBXBuildFile; fileRef = F2B3EFA1193193E2005981E0 /* UIKit.framework */; };
		F2B3EFA8193193E2005981E0 /* InfoPlist.strings in Resources */ = {isa = PBXBuildFile; fileRef = F2B3EFA6193193E2005981E0 /* InfoPlist.strings */; };
		F2B3EFAA193193E2005981E0 /* main.m in Sources */ = {isa = PBXBuildFile; fileRef = F2B3EFA9193193E2005981E0 /* main.m */; };
		F2B3EFAE193193E2005981E0 /* MTAppDelegate.m in Sources */ = {isa = PBXBuildFile; fileRef = F2B3EFAD193193E2005981E0 /* MTAppDelegate.m */; };
		F2B3EFB1193193E2005981E0 /* Main.storyboard in Resources */ = {isa = PBXBuildFile; fileRef = F2B3EFAF193193E2005981E0 /* Main.storyboard */; };
		F2B3EFB6193193E2005981E0 /* Images.xcassets in Resources */ = {isa = PBXBuildFile; fileRef = F2B3EFB5193193E2005981E0 /* Images.xcassets */; };
		F2B3EFBD193193E2005981E0 /* XCTest.framework in Frameworks */ = {isa = PBXBuildFile; fileRef = F2B3EFBC193193E2005981E0 /* XCTest.framework */; };
		F2B3EFBE193193E2005981E0 /* Foundation.framework in Frameworks */ = {isa = PBXBuildFile; fileRef = F2B3EF9D193193E2005981E0 /* Foundation.framework */; };
		F2B3EFBF193193E2005981E0 /* UIKit.framework in Frameworks */ = {isa = PBXBuildFile; fileRef = F2B3EFA1193193E2005981E0 /* UIKit.framework */; };
		F2B3EFC7193193E2005981E0 /* InfoPlist.strings in Resources */ = {isa = PBXBuildFile; fileRef = F2B3EFC5193193E2005981E0 /* InfoPlist.strings */; };
		F2B3EFC9193193E2005981E0 /* Assignment_ViewHierarchyTests.m in Sources */ = {isa = PBXBuildFile; fileRef = F2B3EFC8193193E2005981E0 /* Assignment_ViewHierarchyTests.m */; };
		F2B3EFD61931BE7D005981E0 /* MTViewHierarchyViewController.m in Sources */ = {isa = PBXBuildFile; fileRef = F2B3EFD51931BE7D005981E0 /* MTViewHierarchyViewController.m */; };
/* End PBXBuildFile section */

/* Begin PBXContainerItemProxy section */
		F2B3EFC0193193E2005981E0 /* PBXContainerItemProxy */ = {
			isa = PBXContainerItemProxy;
			containerPortal = F2B3EF92193193E2005981E0 /* Project object */;
			proxyType = 1;
			remoteGlobalIDString = F2B3EF99193193E2005981E0;
			remoteInfo = "Assignment ViewHierarchy";
		};
/* End PBXContainerItemProxy section */

/* Begin PBXFileReference section */
		F278B71319351EA600412628 /* MTBubbleView.h */ = {isa = PBXFileReference; fileEncoding = 4; lastKnownFileType = sourcecode.c.h; path = MTBubbleView.h; sourceTree = "<group>"; };
		F278B71419351EA600412628 /* MTBubbleView.m */ = {isa = PBXFileReference; fileEncoding = 4; lastKnownFileType = sourcecode.c.objc; path = MTBubbleView.m; sourceTree = "<group>"; };
		F2B3EF9A193193E2005981E0 /* Assignment ViewHierarchy.app */ = {isa = PBXFileReference; explicitFileType = wrapper.application; includeInIndex = 0; path = "Assignment ViewHierarchy.app"; sourceTree = BUILT_PRODUCTS_DIR; };
		F2B3EF9D193193E2005981E0 /* Foundation.framework */ = {isa = PBXFileReference; lastKnownFileType = wrapper.framework; name = Foundation.framework; path = System/Library/Frameworks/Foundation.framework; sourceTree = SDKROOT; };
		F2B3EF9F193193E2005981E0 /* CoreGraphics.framework */ = {isa = PBXFileReference; lastKnownFileType = wrapper.framework; name = CoreGraphics.framework; path = System/Library/Frameworks/CoreGraphics.framework; sourceTree = SDKROOT; };
		F2B3EFA1193193E2005981E0 /* UIKit.framework */ = {isa = PBXFileReference; lastKnownFileType = wrapper.framework; name = UIKit.framework; path = System/Library/Frameworks/UIKit.framework; sourceTree = SDKROOT; };
		F2B3EFA5193193E2005981E0 /* Assignment ViewHierarchy-Info.plist */ = {isa = PBXFileReference; lastKnownFileType = text.plist.xml; path = "Assignment ViewHierarchy-Info.plist"; sourceTree = "<group>"; };
		F2B3EFA7193193E2005981E0 /* en */ = {isa = PBXFileReference; lastKnownFileType = text.plist.strings; name = en; path = en.lproj/InfoPlist.strings; sourceTree = "<group>"; };
		F2B3EFA9193193E2005981E0 /* main.m */ = {isa = PBXFileReference; lastKnownFileType = sourcecode.c.objc; path = main.m; sourceTree = "<group>"; };
		F2B3EFAB193193E2005981E0 /* Assignment ViewHierarchy-Prefix.pch */ = {isa = PBXFileReference; lastKnownFileType = sourcecode.c.h; path = "Assignment ViewHierarchy-Prefix.pch"; sourceTree = "<group>"; };
		F2B3EFAC193193E2005981E0 /* MTAppDelegate.h */ = {isa = PBXFileReference; lastKnownFileType = sourcecode.c.h; path = MTAppDelegate.h; sourceTree = "<group>"; };
		F2B3EFAD193193E2005981E0 /* MTAppDelegate.m */ = {isa = PBXFileReference; lastKnownFileType = sourcecode.c.objc; path = MTAppDelegate.m; sourceTree = "<group>"; };
		F2B3EFB0193193E2005981E0 /* Base */ = {isa = PBXFileReference; lastKnownFileType = file.storyboard; name = Base; path = Base.lproj/Main.storyboard; sourceTree = "<group>"; };
		F2B3EFB5193193E2005981E0 /* Images.xcassets */ = {isa = PBXFileReference; lastKnownFileType = folder.assetcatalog; path = Images.xcassets; sourceTree = "<group>"; };
		F2B3EFBB193193E2005981E0 /* Assignment ViewHierarchyTests.xctest */ = {isa = PBXFileReference; explicitFileType = wrapper.cfbundle; includeInIndex = 0; path = "Assignment ViewHierarchyTests.xctest"; sourceTree = BUILT_PRODUCTS_DIR; };
		F2B3EFBC193193E2005981E0 /* XCTest.framework */ = {isa = PBXFileReference; lastKnownFileType = wrapper.framework; name = XCTest.framework; path = Library/Frameworks/XCTest.framework; sourceTree = DEVELOPER_DIR; };
		F2B3EFC4193193E2005981E0 /* Assignment ViewHierarchyTests-Info.plist */ = {isa = PBXFileReference; lastKnownFileType = text.plist.xml; path = "Assignment ViewHierarchyTests-Info.plist"; sourceTree = "<group>"; };
		F2B3EFC6193193E2005981E0 /* en */ = {isa = PBXFileReference; lastKnownFileType = text.plist.strings; name = en; path = en.lproj/InfoPlist.strings; sourceTree = "<group>"; };
		F2B3EFC8193193E2005981E0 /* Assignment_ViewHierarchyTests.m */ = {isa = PBXFileReference; lastKnownFileType = sourcecode.c.objc; path = Assignment_ViewHierarchyTests.m; sourceTree = "<group>"; };
		F2B3EFD41931BE7D005981E0 /* MTViewHierarchyViewController.h */ = {isa = PBXFileReference; fileEncoding = 4; lastKnownFileType = sourcecode.c.h; path = MTViewHierarchyViewController.h; sourceTree = "<group>"; };
		F2B3EFD51931BE7D005981E0 /* MTViewHierarchyViewController.m */ = {isa = PBXFileReference; fileEncoding = 4; lastKnownFileType = sourcecode.c.objc; path = MTViewHierarchyViewController.m; sourceTree = "<group>"; };
/* End PBXFileReference section */

/* Begin PBXFrameworksBuildPhase section */
		F2B3EF97193193E2005981E0 /* Frameworks */ = {
			isa = PBXFrameworksBuildPhase;
			buildActionMask = 2147483647;
			files = (
				F2B3EFA0193193E2005981E0 /* CoreGraphics.framework in Frameworks */,
				F2B3EFA2193193E2005981E0 /* UIKit.framework in Frameworks */,
				F2B3EF9E193193E2005981E0 /* Foundation.framework in Frameworks */,
			);
			runOnlyForDeploymentPostprocessing = 0;
		};
		F2B3EFB8193193E2005981E0 /* Frameworks */ = {
			isa = PBXFrameworksBuildPhase;
			buildActionMask = 2147483647;
			files = (
				F2B3EFBD193193E2005981E0 /* XCTest.framework in Frameworks */,
				F2B3EFBF193193E2005981E0 /* UIKit.framework in Frameworks */,
				F2B3EFBE193193E2005981E0 /* Foundation.framework in Frameworks */,
			);
			runOnlyForDeploymentPostprocessing = 0;
		};
/* End PBXFrameworksBuildPhase section */

/* Begin PBXGroup section */
		F2B3EF91193193E2005981E0 = {
			isa = PBXGroup;
			children = (
				F2B3EFA3193193E2005981E0 /* Assignment ViewHierarchy */,
				F2B3EFC2193193E2005981E0 /* Assignment ViewHierarchyTests */,
				F2B3EF9C193193E2005981E0 /* Frameworks */,
				F2B3EF9B193193E2005981E0 /* Products */,
			);
			sourceTree = "<group>";
		};
		F2B3EF9B193193E2005981E0 /* Products */ = {
			isa = PBXGroup;
			children = (
				F2B3EF9A193193E2005981E0 /* Assignment ViewHierarchy.app */,
				F2B3EFBB193193E2005981E0 /* Assignment ViewHierarchyTests.xctest */,
			);
			name = Products;
			sourceTree = "<group>";
		};
		F2B3EF9C193193E2005981E0 /* Frameworks */ = {
			isa = PBXGroup;
			children = (
				F2B3EF9D193193E2005981E0 /* Foundation.framework */,
				F2B3EF9F193193E2005981E0 /* CoreGraphics.framework */,
				F2B3EFA1193193E2005981E0 /* UIKit.framework */,
				F2B3EFBC193193E2005981E0 /* XCTest.framework */,
			);
			name = Frameworks;
			sourceTree = "<group>";
		};
		F2B3EFA3193193E2005981E0 /* Assignment ViewHierarchy */ = {
			isa = PBXGroup;
			children = (
				F2B3EFD2193194A4005981E0 /* View */,
				F2B3EFD3193194B2005981E0 /* Controller */,
				F2B3EFB5193193E2005981E0 /* Images.xcassets */,
				F2B3EFA4193193E2005981E0 /* Supporting Files */,
			);
			path = "Assignment ViewHierarchy";
			sourceTree = "<group>";
		};
		F2B3EFA4193193E2005981E0 /* Supporting Files */ = {
			isa = PBXGroup;
			children = (
				F2B3EFAC193193E2005981E0 /* MTAppDelegate.h */,
				F2B3EFAD193193E2005981E0 /* MTAppDelegate.m */,
				F2B3EFA5193193E2005981E0 /* Assignment ViewHierarchy-Info.plist */,
				F2B3EFA6193193E2005981E0 /* InfoPlist.strings */,
				F2B3EFA9193193E2005981E0 /* main.m */,
				F2B3EFAB193193E2005981E0 /* Assignment ViewHierarchy-Prefix.pch */,
			);
			name = "Supporting Files";
			sourceTree = "<group>";
		};
		F2B3EFC2193193E2005981E0 /* Assignment ViewHierarchyTests */ = {
			isa = PBXGroup;
			children = (
				F2B3EFC8193193E2005981E0 /* Assignment_ViewHierarchyTests.m */,
				F2B3EFC3193193E2005981E0 /* Supporting Files */,
			);
			path = "Assignment ViewHierarchyTests";
			sourceTree = "<group>";
		};
		F2B3EFC3193193E2005981E0 /* Supporting Files */ = {
			isa = PBXGroup;
			children = (
				F2B3EFC4193193E2005981E0 /* Assignment ViewHierarchyTests-Info.plist */,
				F2B3EFC5193193E2005981E0 /* InfoPlist.strings */,
			);
			name = "Supporting Files";
			sourceTree = "<group>";
		};
		F2B3EFD2193194A4005981E0 /* View */ = {
			isa = PBXGroup;
			children = (
				F2B3EFAF193193E2005981E0 /* Main.storyboard */,
				F278B71319351EA600412628 /* MTBubbleView.h */,
				F278B71419351EA600412628 /* MTBubbleView.m */,
			);
			name = View;
			sourceTree = "<group>";
		};
		F2B3EFD3193194B2005981E0 /* Controller */ = {
			isa = PBXGroup;
			children = (
				F2B3EFD41931BE7D005981E0 /* MTViewHierarchyViewController.h */,
				F2B3EFD51931BE7D005981E0 /* MTViewHierarchyViewController.m */,
			);
			name = Controller;
			sourceTree = "<group>";
		};
/* End PBXGroup section */

/* Begin PBXNativeTarget section */
		F2B3EF99193193E2005981E0 /* Assignment ViewHierarchy */ = {
			isa = PBXNativeTarget;
			buildConfigurationList = F2B3EFCC193193E2005981E0 /* Build configuration list for PBXNativeTarget "Assignment ViewHierarchy" */;
			buildPhases = (
				F2B3EF96193193E2005981E0 /* Sources */,
				F2B3EF97193193E2005981E0 /* Frameworks */,
				F2B3EF98193193E2005981E0 /* Resources */,
			);
			buildRules = (
			);
			dependencies = (
			);
			name = "Assignment ViewHierarchy";
			productName = "Assignment ViewHierarchy";
			productReference = F2B3EF9A193193E2005981E0 /* Assignment ViewHierarchy.app */;
			productType = "com.apple.product-type.application";
		};
		F2B3EFBA193193E2005981E0 /* Assignment ViewHierarchyTests */ = {
			isa = PBXNativeTarget;
			buildConfigurationList = F2B3EFCF193193E2005981E0 /* Build configuration list for PBXNativeTarget "Assignment ViewHierarchyTests" */;
			buildPhases = (
				F2B3EFB7193193E2005981E0 /* Sources */,
				F2B3EFB8193193E2005981E0 /* Frameworks */,
				F2B3EFB9193193E2005981E0 /* Resources */,
			);
			buildRules = (
			);
			dependencies = (
				F2B3EFC1193193E2005981E0 /* PBXTargetDependency */,
			);
			name = "Assignment ViewHierarchyTests";
			productName = "Assignment ViewHierarchyTests";
			productReference = F2B3EFBB193193E2005981E0 /* Assignment ViewHierarchyTests.xctest */;
			productType = "com.apple.product-type.bundle.unit-test";
		};
/* End PBXNativeTarget section */

/* Begin PBXProject section */
		F2B3EF92193193E2005981E0 /* Project object */ = {
			isa = PBXProject;
			attributes = {
				CLASSPREFIX = MT;
				LastUpgradeCheck = 0510;
				ORGANIZATIONNAME = "Michael Tirenin";
				TargetAttributes = {
					F2B3EFBA193193E2005981E0 = {
						TestTargetID = F2B3EF99193193E2005981E0;
					};
				};
			};
			buildConfigurationList = F2B3EF95193193E2005981E0 /* Build configuration list for PBXProject "Assignment ViewHierarchy" */;
			compatibilityVersion = "Xcode 3.2";
			developmentRegion = English;
			hasScannedForEncodings = 0;
			knownRegions = (
				en,
				Base,
			);
			mainGroup = F2B3EF91193193E2005981E0;
			productRefGroup = F2B3EF9B193193E2005981E0 /* Products */;
			projectDirPath = "";
			projectRoot = "";
			targets = (
				F2B3EF99193193E2005981E0 /* Assignment ViewHierarchy */,
				F2B3EFBA193193E2005981E0 /* Assignment ViewHierarchyTests */,
			);
		};
/* End PBXProject section */

/* Begin PBXResourcesBuildPhase section */
		F2B3EF98193193E2005981E0 /* Resources */ = {
			isa = PBXResourcesBuildPhase;
			buildActionMask = 2147483647;
			files = (
				F2B3EFB6193193E2005981E0 /* Images.xcassets in Resources */,
				F2B3EFA8193193E2005981E0 /* InfoPlist.strings in Resources */,
				F2B3EFB1193193E2005981E0 /* Main.storyboard in Resources */,
			);
			runOnlyForDeploymentPostprocessing = 0;
		};
		F2B3EFB9193193E2005981E0 /* Resources */ = {
			isa = PBXResourcesBuildPhase;
			buildActionMask = 2147483647;
			files = (
				F2B3EFC7193193E2005981E0 /* InfoPlist.strings in Resources */,
			);
			runOnlyForDeploymentPostprocessing = 0;
		};
/* End PBXResourcesBuildPhase section */

/* Begin PBXSourcesBuildPhase section */
		F2B3EF96193193E2005981E0 /* Sources */ = {
			isa = PBXSourcesBuildPhase;
			buildActionMask = 2147483647;
			files = (
				F2B3EFD61931BE7D005981E0 /* MTViewHierarchyViewController.m in Sources */,
				F278B71519351EA600412628 /* MTBubbleView.m in Sources */,
				F2B3EFAA193193E2005981E0 /* main.m in Sources */,
				F2B3EFAE193193E2005981E0 /* MTAppDelegate.m in Sources */,
			);
			runOnlyForDeploymentPostprocessing = 0;
		};
		F2B3EFB7193193E2005981E0 /* Sources */ = {
			isa = PBXSourcesBuildPhase;
			buildActionMask = 2147483647;
			files = (
				F2B3EFC9193193E2005981E0 /* Assignment_ViewHierarchyTests.m in Sources */,
			);
			runOnlyForDeploymentPostprocessing = 0;
		};
/* End PBXSourcesBuildPhase section */

/* Begin PBXTargetDependency section */
		F2B3EFC1193193E2005981E0 /* PBXTargetDependency */ = {
			isa = PBXTargetDependency;
			target = F2B3EF99193193E2005981E0 /* Assignment ViewHierarchy */;
			targetProxy = F2B3EFC0193193E2005981E0 /* PBXContainerItemProxy */;
		};
/* End PBXTargetDependency section */

/* Begin PBXVariantGroup section */
		F2B3EFA6193193E2005981E0 /* InfoPlist.strings */ = {
			isa = PBXVariantGroup;
			children = (
				F2B3EFA7193193E2005981E0 /* en */,
			);
			name = InfoPlist.strings;
			sourceTree = "<group>";
		};
		F2B3EFAF193193E2005981E0 /* Main.storyboard */ = {
			isa = PBXVariantGroup;
			children = (
				F2B3EFB0193193E2005981E0 /* Base */,
			);
			name = Main.storyboard;
			sourceTree = "<group>";
		};
		F2B3EFC5193193E2005981E0 /* InfoPlist.strings */ = {
			isa = PBXVariantGroup;
			children = (
				F2B3EFC6193193E2005981E0 /* en */,
			);
			name = InfoPlist.strings;
			sourceTree = "<group>";
		};
/* End PBXVariantGroup section */

/* Begin XCBuildConfiguration section */
		F2B3EFCA193193E2005981E0 /* Debug */ = {
			isa = XCBuildConfiguration;
			buildSettings = {
				ALWAYS_SEARCH_USER_PATHS = NO;
				CLANG_CXX_LANGUAGE_STANDARD = "gnu++0x";
				CLANG_CXX_LIBRARY = "libc++";
				CLANG_ENABLE_MODULES = YES;
				CLANG_ENABLE_OBJC_ARC = YES;
				CLANG_WARN_BOOL_CONVERSION = YES;
				CLANG_WARN_CONSTANT_CONVERSION = YES;
				CLANG_WARN_DIRECT_OBJC_ISA_USAGE = YES_ERROR;
				CLANG_WARN_EMPTY_BODY = YES;
				CLANG_WARN_ENUM_CONVERSION = YES;
				CLANG_WARN_INT_CONVERSION = YES;
				CLANG_WARN_OBJC_ROOT_CLASS = YES_ERROR;
				CLANG_WARN__DUPLICATE_METHOD_MATCH = YES;
				"CODE_SIGN_IDENTITY[sdk=iphoneos*]" = "iPhone Developer";
				COPY_PHASE_STRIP = NO;
				GCC_C_LANGUAGE_STANDARD = gnu99;
				GCC_DYNAMIC_NO_PIC = NO;
				GCC_OPTIMIZATION_LEVEL = 0;
				GCC_PREPROCESSOR_DEFINITIONS = (
					"DEBUG=1",
					"$(inherited)",
				);
				GCC_SYMBOLS_PRIVATE_EXTERN = NO;
				GCC_WARN_64_TO_32_BIT_CONVERSION = YES;
				GCC_WARN_ABOUT_RETURN_TYPE = YES_ERROR;
				GCC_WARN_UNDECLARED_SELECTOR = YES;
				GCC_WARN_UNINITIALIZED_AUTOS = YES_AGGRESSIVE;
				GCC_WARN_UNUSED_FUNCTION = YES;
				GCC_WARN_UNUSED_VARIABLE = YES;
				IPHONEOS_DEPLOYMENT_TARGET = 7.1;
				ONLY_ACTIVE_ARCH = YES;
				SDKROOT = iphoneos;
			};
			name = Debug;
		};
		F2B3EFCB193193E2005981E0 /* Release */ = {
			isa = XCBuildConfiguration;
			buildSettings = {
				ALWAYS_SEARCH_USER_PATHS = NO;
				CLANG_CXX_LANGUAGE_STANDARD = "gnu++0x";
				CLANG_CXX_LIBRARY = "libc++";
				CLANG_ENABLE_MODULES = YES;
				CLANG_ENABLE_OBJC_ARC = YES;
				CLANG_WARN_BOOL_CONVERSION = YES;
				CLANG_WARN_CONSTANT_CONVERSION = YES;
				CLANG_WARN_DIRECT_OBJC_ISA_USAGE = YES_ERROR;
				CLANG_WARN_EMPTY_BODY = YES;
				CLANG_WARN_ENUM_CONVERSION = YES;
				CLANG_WARN_INT_CONVERSION = YES;
				CLANG_WARN_OBJC_ROOT_CLASS = YES_ERROR;
				CLANG_WARN__DUPLICATE_METHOD_MATCH = YES;
				"CODE_SIGN_IDENTITY[sdk=iphoneos*]" = "iPhone Developer";
				COPY_PHASE_STRIP = YES;
				ENABLE_NS_ASSERTIONS = NO;
				GCC_C_LANGUAGE_STANDARD = gnu99;
				GCC_WARN_64_TO_32_BIT_CONVERSION = YES;
				GCC_WARN_ABOUT_RETURN_TYPE = YES_ERROR;
				GCC_WARN_UNDECLARED_SELECTOR = YES;
				GCC_WARN_UNINITIALIZED_AUTOS = YES_AGGRESSIVE;
				GCC_WARN_UNUSED_FUNCTION = YES;
				GCC_WARN_UNUSED_VARIABLE = YES;
				IPHONEOS_DEPLOYMENT_TARGET = 7.1;
				SDKROOT = iphoneos;
				VALIDATE_PRODUCT = YES;
			};
			name = Release;
		};
		F2B3EFCD193193E2005981E0 /* Debug */ = {
			isa = XCBuildConfiguration;
			buildSettings = {
				ASSETCATALOG_COMPILER_APPICON_NAME = AppIcon;
				ASSETCATALOG_COMPILER_LAUNCHIMAGE_NAME = LaunchImage;
				GCC_PRECOMPILE_PREFIX_HEADER = YES;
				GCC_PREFIX_HEADER = "Assignment ViewHierarchy/Assignment ViewHierarchy-Prefix.pch";
				INFOPLIST_FILE = "Assignment ViewHierarchy/Assignment ViewHierarchy-Info.plist";
				PRODUCT_NAME = "$(TARGET_NAME)";
				WRAPPER_EXTENSION = app;
			};
			name = Debug;
		};
		F2B3EFCE193193E2005981E0 /* Release */ = {
			isa = XCBuildConfiguration;
			buildSettings = {
				ASSETCATALOG_COMPILER_APPICON_NAME = AppIcon;
				ASSETCATALOG_COMPILER_LAUNCHIMAGE_NAME = LaunchImage;
				GCC_PRECOMPILE_PREFIX_HEADER = YES;
				GCC_PREFIX_HEADER = "Assignment ViewHierarchy/Assignment ViewHierarchy-Prefix.pch";
				INFOPLIST_FILE = "Assignment ViewHierarchy/Assignment ViewHierarchy-Info.plist";
				PRODUCT_NAME = "$(TARGET_NAME)";
				WRAPPER_EXTENSION = app;
			};
			name = Release;
		};
		F2B3EFD0193193E2005981E0 /* Debug */ = {
			isa = XCBuildConfiguration;
			buildSettings = {
				BUNDLE_LOADER = "$(BUILT_PRODUCTS_DIR)/Assignment ViewHierarchy.app/Assignment ViewHierarchy";
				FRAMEWORK_SEARCH_PATHS = (
					"$(SDKROOT)/Developer/Library/Frameworks",
					"$(inherited)",
					"$(DEVELOPER_FRAMEWORKS_DIR)",
				);
				GCC_PRECOMPILE_PREFIX_HEADER = YES;
				GCC_PREFIX_HEADER = "Assignment ViewHierarchy/Assignment ViewHierarchy-Prefix.pch";
				GCC_PREPROCESSOR_DEFINITIONS = (
					"DEBUG=1",
					"$(inherited)",
				);
				INFOPLIST_FILE = "Assignment ViewHierarchyTests/Assignment ViewHierarchyTests-Info.plist";
				PRODUCT_NAME = "$(TARGET_NAME)";
				TEST_HOST = "$(BUNDLE_LOADER)";
				WRAPPER_EXTENSION = xctest;
			};
			name = Debug;
		};
		F2B3EFD1193193E2005981E0 /* Release */ = {
			isa = XCBuildConfiguration;
			buildSettings = {
				BUNDLE_LOADER = "$(BUILT_PRODUCTS_DIR)/Assignment ViewHierarchy.app/Assignment ViewHierarchy";
				FRAMEWORK_SEARCH_PATHS = (
					"$(SDKROOT)/Developer/Library/Frameworks",
					"$(inherited)",
					"$(DEVELOPER_FRAMEWORKS_DIR)",
				);
				GCC_PRECOMPILE_PREFIX_HEADER = YES;
				GCC_PREFIX_HEADER = "Assignment ViewHierarchy/Assignment ViewHierarchy-Prefix.pch";
				INFOPLIST_FILE = "Assignment ViewHierarchyTests/Assignment ViewHierarchyTests-Info.plist";
				PRODUCT_NAME = "$(TARGET_NAME)";
				TEST_HOST = "$(BUNDLE_LOADER)";
				WRAPPER_EXTENSION = xctest;
			};
			name = Release;
		};
/* End XCBuildConfiguration section */

/* Begin XCConfigurationList section */
		F2B3EF95193193E2005981E0 /* Build configuration list for PBXProject "Assignment ViewHierarchy" */ = {
			isa = XCConfigurationList;
			buildConfigurations = (
				F2B3EFCA193193E2005981E0 /* Debug */,
				F2B3EFCB193193E2005981E0 /* Release */,
			);
			defaultConfigurationIsVisible = 0;
			defaultConfigurationName = Release;
		};
		F2B3EFCC193193E2005981E0 /* Build configuration list for PBXNativeTarget "Assignment ViewHierarchy" */ = {
			isa = XCConfigurationList;
			buildConfigurations = (
				F2B3EFCD193193E2005981E0 /* Debug */,
				F2B3EFCE193193E2005981E0 /* Release */,
			);
			defaultConfigurationIsVisible = 0;
			defaultConfigurationName = Release;
		};
		F2B3EFCF193193E2005981E0 /* Build configuration list for PBXNativeTarget "Assignment ViewHierarchyTests" */ = {
			isa = XCConfigurationList;
			buildConfigurations = (
				F2B3EFD0193193E2005981E0 /* Debug */,
				F2B3EFD1193193E2005981E0 /* Release */,
			);
			defaultConfigurationIsVisible = 0;
			defaultConfigurationName = Release;
		};
/* End XCConfigurationList section */
	};
	rootObject = F2B3EF92193193E2005981E0 /* Project object */;
}
